
Microsoft Visual Studio Solution File, Format Version 12.00
# Visual Studio Version 17
VisualStudioVersion = 17.11.35327.3
MinimumVisualStudioVersion = 10.0.40219.1
Project("{9A19103F-16F7-4668-BE54-9A1E7A4F7556}") = "LiveTalk.API", "LiveTalk.API.csproj", "{BD203C44-1CD2-40D4-8AF4-F33919DB0177}"
EndProject
Project("{9A19103F-16F7-4668-BE54-9A1E7A4F7556}") = "LiveTalk.Core", "..\Restaurant.Core\LiveTalk.Core.csproj", "{5BC1D0C8-914B-4A1B-AC42-C34914067BFB}"
EndProject
Project("{9A19103F-16F7-4668-BE54-9A1E7A4F7556}") = "LiveTalk.Infrastructure", "..\Restaurant.Infrastructure\LiveTalk.Infrastructure.csproj", "{C5157787-3D16-46C7-808E-08CEDE946FBF}"
EndProject
Project("{FAE04EC0-301F-11D3-BF4B-00C04F79EFBC}") = "LiveTalkTests", "..\LiveTalkTests\LiveTalkTests.csproj", "{404A2D80-7CB8-44EC-A7C1-F709BBBB6DB4}"
EndProject
Global
	GlobalSection(SolutionConfigurationPlatforms) = preSolution
		Debug|Any CPU = Debug|Any CPU
		Release|Any CPU = Release|Any CPU
	EndGlobalSection
	GlobalSection(ProjectConfigurationPlatforms) = postSolution
		{BD203C44-1CD2-40D4-8AF4-F33919DB0177}.Debug|Any CPU.ActiveCfg = Debug|Any CPU
		{BD203C44-1CD2-40D4-8AF4-F33919DB0177}.Debug|Any CPU.Build.0 = Debug|Any CPU
		{BD203C44-1CD2-40D4-8AF4-F33919DB0177}.Release|Any CPU.ActiveCfg = Release|Any CPU
		{BD203C44-1CD2-40D4-8AF4-F33919DB0177}.Release|Any CPU.Build.0 = Release|Any CPU
		{5BC1D0C8-914B-4A1B-AC42-C34914067BFB}.Debug|Any CPU.ActiveCfg = Debug|Any CPU
		{5BC1D0C8-914B-4A1B-AC42-C34914067BFB}.Debug|Any CPU.Build.0 = Debug|Any CPU
		{5BC1D0C8-914B-4A1B-AC42-C34914067BFB}.Release|Any CPU.ActiveCfg = Release|Any CPU
		{5BC1D0C8-914B-4A1B-AC42-C34914067BFB}.Release|Any CPU.Build.0 = Release|Any CPU
		{C5157787-3D16-46C7-808E-08CEDE946FBF}.Debug|Any CPU.ActiveCfg = Debug|Any CPU
		{C5157787-3D16-46C7-808E-08CEDE946FBF}.Debug|Any CPU.Build.0 = Debug|Any CPU
		{C5157787-3D16-46C7-808E-08CEDE946FBF}.Release|Any CPU.ActiveCfg = Release|Any CPU
		{C5157787-3D16-46C7-808E-08CEDE946FBF}.Release|Any CPU.Build.0 = Release|Any CPU
		{404A2D80-7CB8-44EC-A7C1-F709BBBB6DB4}.Debug|Any CPU.ActiveCfg = Debug|Any CPU
		{404A2D80-7CB8-44EC-A7C1-F709BBBB6DB4}.Debug|Any CPU.Build.0 = Debug|Any CPU
		{404A2D80-7CB8-44EC-A7C1-F709BBBB6DB4}.Release|Any CPU.ActiveCfg = Release|Any CPU
		{404A2D80-7CB8-44EC-A7C1-F709BBBB6DB4}.Release|Any CPU.Build.0 = Release|Any CPU
	EndGlobalSection
	GlobalSection(SolutionProperties) = preSolution
		HideSolutionNode = FALSE
	EndGlobalSection
	GlobalSection(ExtensibilityGlobals) = postSolution
		SolutionGuid = {7E0486D4-5301-4F70-ADC7-D58B4544DC64}
	EndGlobalSection
EndGlobal
